{
  "name": "@seafile/slate-react",
  "version": "0.54.10",
  "lockfileVersion": 1,
  "requires": true,
  "dependencies": {
    "@types/debounce": {
      "version": "1.2.0",
      "resolved": "https://registry.npmjs.org/@types/debounce/-/debounce-1.2.0.tgz",
      "integrity": "sha512-bWG5wapaWgbss9E238T0R6bfo5Fh3OkeoSt245CM7JJwVwpw6MEBCbIxLq5z8KzsE3uJhzcIuQkyiZmzV3M/Dw=="
    },
    "@types/debug": {
      "version": "4.1.5",
      "resolved": "https://registry.npmjs.org/@types/debug/-/debug-4.1.5.tgz",
      "integrity": "sha512-Q1y515GcOdTHgagaVFhHnIFQ38ygs/kmxdNpvpou+raI9UO3YZcHDngBSYKQklcKlvA7iuQlmIKbzvmxcOE9CQ=="
    },
    "@types/esrever": {
      "version": "0.2.0",
      "resolved": "https://registry.npmjs.org/@types/esrever/-/esrever-0.2.0.tgz",
      "integrity": "sha512-5NI6TeGzVEy/iBcuYtcPzzIC6EqlfQ2+UZ54vT0ulq8bPNGAy8UJD+XcsAyEOcnYFUjOVWuUV+k4/rVkxt9/XQ==",
      "dev": true
    },
    "@types/is-hotkey": {
      "version": "0.1.2",
      "resolved": "https://registry.npmjs.org/@types/is-hotkey/-/is-hotkey-0.1.2.tgz",
      "integrity": "sha512-SUw9LpI3AIwbRNXS7FYy9AlXrTPIdBZGI7y4XxfIEYqgSW1UfFCUM9cMwHE/yCfTl0qeI0UQ/q8TdIxsIFgKPg=="
    },
    "@types/lodash": {
      "version": "4.14.166",
      "resolved": "https://registry.npmjs.org/@types/lodash/-/lodash-4.14.166.tgz",
      "integrity": "sha512-A3YT/c1oTlyvvW/GQqG86EyqWNrT/tisOIh2mW3YCgcx71TNjiTZA3zYZWA5BCmtsOTXjhliy4c4yEkErw6njA=="
    },
    "compute-scroll-into-view": {
      "version": "1.0.16",
      "resolved": "https://registry.npmjs.org/compute-scroll-into-view/-/compute-scroll-into-view-1.0.16.tgz",
      "integrity": "sha512-a85LHKY81oQnikatZYA90pufpZ6sQx++BoCxOEMsjpZx+ZnaKGQnCyCehTRr/1p9GBIAHTjcU9k71kSYWloLiQ=="
    },
    "debounce": {
      "version": "1.2.0",
      "resolved": "https://registry.npmjs.org/debounce/-/debounce-1.2.0.tgz",
      "integrity": "sha512-mYtLl1xfZLi1m4RtQYlZgJUNQjl4ZxVnHzIR8nLLgi4q1YT8o/WM+MK/f8yfcc9s5Ir5zRaPZyZU6xs1Syoocg=="
    },
    "direction": {
      "version": "1.0.4",
      "resolved": "https://registry.npmjs.org/direction/-/direction-1.0.4.tgz",
      "integrity": "sha512-GYqKi1aH7PJXxdhTeZBFrg8vUBeKXi+cNprXsC1kpJcbcVnV9wBsrOu1cQEdG0WeQwlfHiy3XvnKfIrJ2R0NzQ=="
    },
    "esrever": {
      "version": "0.2.0",
      "resolved": "https://registry.npmjs.org/esrever/-/esrever-0.2.0.tgz",
      "integrity": "sha1-lunSj08bGnZ4TNXUkOquAQ50B7g=",
      "dev": true
    },
    "immer": {
      "version": "5.3.6",
      "resolved": "https://registry.npmjs.org/immer/-/immer-5.3.6.tgz",
      "integrity": "sha512-pqWQ6ozVfNOUDjrLfm4Pt7q4Q12cGw2HUZgry4Q5+Myxu9nmHRkWBpI0J4+MK0AxbdFtdMTwEGVl7Vd+vEiK+A==",
      "dev": true
    },
    "is-hotkey": {
      "version": "0.1.8",
      "resolved": "https://registry.npmjs.org/is-hotkey/-/is-hotkey-0.1.8.tgz",
      "integrity": "sha512-qs3NZ1INIS+H+yeo7cD9pDfwYV/jqRh1JG9S9zYrNudkoUQg7OL7ziXqRKu+InFjUIDoP2o6HIkLYMh1pcWgyQ=="
    },
    "is-plain-object": {
      "version": "3.0.1",
      "resolved": "https://registry.npmjs.org/is-plain-object/-/is-plain-object-3.0.1.tgz",
      "integrity": "sha512-Xnpx182SBMrr/aBik8y+GuR4U1L9FqMSojwDQwPMmxyC6bvEqly9UBCxhauBF5vNh2gwWJNX6oDV7O+OM4z34g=="
    },
    "scroll-into-view-if-needed": {
      "version": "2.2.26",
      "resolved": "https://registry.npmjs.org/scroll-into-view-if-needed/-/scroll-into-view-if-needed-2.2.26.tgz",
      "integrity": "sha512-SQ6AOKfABaSchokAmmaxVnL9IArxEnLEX9j4wAZw+x4iUTb40q7irtHG3z4GtAWz5veVZcCnubXDBRyLVQaohw==",
      "requires": {
        "compute-scroll-into-view": "^1.0.16"
      }
    },
    "slate": {
      "version": "0.54.6",
      "resolved": "https://registry.npmjs.org/slate/-/slate-0.54.6.tgz",
      "integrity": "sha512-5nirCsNcLyMsXPUtUhXNR6ShpUIRUuIVeiwLj/Mz85KlQvYSWKJv5xEG0HdZD1+L6PbxPIKvdPcLNnE9cnYqmw==",
      "dev": true,
      "requires": {
        "@types/esrever": "^0.2.0",
        "esrever": "^0.2.0",
        "immer": "^5.0.0",
        "is-plain-object": "^3.0.0",
        "tiny-warning": "^1.0.3"
      }
    },
    "slate-hyperscript": {
      "version": "0.54.6",
      "resolved": "https://registry.npmjs.org/slate-hyperscript/-/slate-hyperscript-0.54.6.tgz",
      "integrity": "sha512-+GIvQgbBXXynTBwx/G3qOfBVy83CxrL8FTMQOjyVpafUDI4kd8OFzZbbq5ev/k7BG3NA10fIgnCITYGRU88lQQ==",
      "dev": true,
      "requires": {
        "is-plain-object": "^3.0.0"
      }
    },
    "tiny-warning": {
      "version": "1.0.3",
      "resolved": "https://registry.npmjs.org/tiny-warning/-/tiny-warning-1.0.3.tgz",
      "integrity": "sha512-lBN9zLN/oAf68o3zNXYrdCt1kP8WsiGW8Oo2ka41b2IM5JL/S1CTyX1rW0mb/zSuJun0ZUrDxx4sqvYS2FWzPA==",
      "dev": true
    }
  }
}
